<?xml version="1.0" encoding="UTF-8" standalone="yes" ?>
<CodeBlocks_project_file>
	<FileVersion major="1" minor="6" />
	<Project>
		<Option title="SortMeasure" />
		<Option pch_mode="2" />
		<Option compiler="gcc" />
		<Build>
			<Target title="Debug">
				<Option output="bin/Debug/SortMeasure" prefix_auto="1" extension_auto="1" />
				<Option object_output="obj/Debug/" />
				<Option type="1" />
				<Option compiler="gcc" />
				<Compiler>
					<Add option="-g" />
				</Compiler>
			</Target>
			<Target title="Release">
				<Option output="bin/Release/SortMeasure" prefix_auto="1" extension_auto="1" />
				<Option object_output="obj/Release/" />
				<Option type="1" />
				<Option compiler="gcc" />
				<Compiler>
					<Add option="-O2" />
				</Compiler>
				<Linker>
					<Add option="-s" />
				</Linker>
			</Target>
		</Build>
		<Compiler>
			<Add option="-Wall" />
		</Compiler>
		<Unit filename="include/argStd.h" />
		<Unit filename="include/commonVector.h" />
		<Unit filename="include/conio.h" />
		<Unit filename="include/displayArray.h" />
		<Unit filename="include/fillArr.h" />
		<Unit filename="include/globVar.h" />
		<Unit filename="include/measurement.h" />
		<Unit filename="include/menu.h" />
		<Unit filename="include/mesRes.h" />
		<Unit filename="include/sortsTensor.h" />
		<Unit filename="include/sortsVector.h" />
		<Unit filename="src/displayArray.c">
			<Option compilerVar="CC" />
		</Unit>
		<Unit filename="src/fillArr.c">
			<Option compilerVar="CC" />
		</Unit>
		<Unit filename="src/main.c">
			<Option compilerVar="CC" />
		</Unit>
		<Unit filename="src/measurement.c">
			<Option compilerVar="CC" />
		</Unit>
		<Unit filename="src/menu.c">
			<Option compilerVar="CC" />
		</Unit>
		<Unit filename="src/mesRes.c">
			<Option compilerVar="CC" />
		</Unit>
		<Unit filename="src/sortsTensor.c">
			<Option compilerVar="CC" />
		</Unit>
		<Unit filename="src/sortsVector.c">
			<Option compilerVar="CC" />
		</Unit>
		<Extensions>
			<lib_finder disable_auto="1" />
		</Extensions>
	</Project>
</CodeBlocks_project_file>
